
Microsoft Visual Studio Solution File, Format Version 12.00
# Visual Studio Version 17
VisualStudioVersion = 17.13.35828.75 d17.13
MinimumVisualStudioVersion = 10.0.40219.1
Project("{FAE04EC0-301F-11D3-BF4B-00C04F79EFBC}") = "Plant API", "Plant API\Plant API.csproj", "{C5C7D85E-D4DF-47ED-8D49-F53F066B0670}"
EndProject
Project("{FAE04EC0-301F-11D3-BF4B-00C04F79EFBC}") = "PlantFinderBot", "PlantFinderBot\PlantFinderBot.csproj", "{2C31AA2A-FCB3-46E4-8E7A-BA12B6C9ED65}"
	ProjectSection(ProjectDependencies) = postProject
		{C5C7D85E-D4DF-47ED-8D49-F53F066B0670} = {C5C7D85E-D4DF-47ED-8D49-F53F066B0670}
	EndProjectSection
EndProject
Global
	GlobalSection(SolutionConfigurationPlatforms) = preSolution
		Debug|Any CPU = Debug|Any CPU
		Release|Any CPU = Release|Any CPU
	EndGlobalSection
	GlobalSection(ProjectConfigurationPlatforms) = postSolution
		{C5C7D85E-D4DF-47ED-8D49-F53F066B0670}.Debug|Any CPU.ActiveCfg = Debug|Any CPU
		{C5C7D85E-D4DF-47ED-8D49-F53F066B0670}.Debug|Any CPU.Build.0 = Debug|Any CPU
		{C5C7D85E-D4DF-47ED-8D49-F53F066B0670}.Release|Any CPU.ActiveCfg = Release|Any CPU
		{C5C7D85E-D4DF-47ED-8D49-F53F066B0670}.Release|Any CPU.Build.0 = Release|Any CPU
		{2C31AA2A-FCB3-46E4-8E7A-BA12B6C9ED65}.Debug|Any CPU.ActiveCfg = Debug|Any CPU
		{2C31AA2A-FCB3-46E4-8E7A-BA12B6C9ED65}.Debug|Any CPU.Build.0 = Debug|Any CPU
		{2C31AA2A-FCB3-46E4-8E7A-BA12B6C9ED65}.Release|Any CPU.ActiveCfg = Release|Any CPU
		{2C31AA2A-FCB3-46E4-8E7A-BA12B6C9ED65}.Release|Any CPU.Build.0 = Release|Any CPU
	EndGlobalSection
	GlobalSection(SolutionProperties) = preSolution
		HideSolutionNode = FALSE
	EndGlobalSection
	GlobalSection(ExtensibilityGlobals) = postSolution
		SolutionGuid = {4377DE1B-4513-4B62-807C-E9425BE67CA5}
	EndGlobalSection
EndGlobal
